// !$*UTF8*$!
{
	archiveVersion = 1;
	classes = {
	};
	objectVersion = 77;
	objects = {

/* Begin PBXContainerItemProxy section */
		5541FF3F2CBD7FC800D91B50 /* PBXContainerItemProxy */ = {
			isa = PBXContainerItemProxy;
			containerPortal = 5541FF262CBD7FC700D91B50 /* Project object */;
			proxyType = 1;
			remoteGlobalIDString = 5541FF2D2CBD7FC700D91B50;
			remoteInfo = ListUserApp;
		};
		5541FF492CBD7FC800D91B50 /* PBXContainerItemProxy */ = {
			isa = PBXContainerItemProxy;
			containerPortal = 5541FF262CBD7FC700D91B50 /* Project object */;
			proxyType = 1;
			remoteGlobalIDString = 5541FF2D2CBD7FC700D91B50;
			remoteInfo = ListUserApp;
		};
/* End PBXContainerItemProxy section */

/* Begin PBXFileReference section */
		5541FF2E2CBD7FC700D91B50 /* ListUserApp.app */ = {isa = PBXFileReference; explicitFileType = wrapper.application; includeInIndex = 0; path = ListUserApp.app; sourceTree = BUILT_PRODUCTS_DIR; };
		5541FF3E2CBD7FC800D91B50 /* ListUserAppTests.xctest */ = {isa = PBXFileReference; explicitFileType = wrapper.cfbundle; includeInIndex = 0; path = ListUserAppTests.xctest; sourceTree = BUILT_PRODUCTS_DIR; };
		5541FF482CBD7FC800D91B50 /* ListUserAppUITests.xctest */ = {isa = PBXFileReference; explicitFileType = wrapper.cfbundle; includeInIndex = 0; path = ListUserAppUITests.xctest; sourceTree = BUILT_PRODUCTS_DIR; };
/* End PBXFileReference section */

/* Begin PBXFileSystemSynchronizedBuildFileExceptionSet section */
		5541FF972CBD904800D91B50 /* Exceptions for "ListUserAppTests" folder in "ListUserApp" target */ = {
			isa = PBXFileSystemSynchronizedBuildFileExceptionSet;
			membershipExceptions = (
				Mocks/APIServiceMock.swift,
				Mocks/UserListMock.swift,
			);
			target = 5541FF2D2CBD7FC700D91B50 /* ListUserApp */;
		};
/* End PBXFileSystemSynchronizedBuildFileExceptionSet section */

/* Begin PBXFileSystemSynchronizedRootGroup section */
		5541FF302CBD7FC700D91B50 /* ListUserApp */ = {
			isa = PBXFileSystemSynchronizedRootGroup;
			path = ListUserApp;
			sourceTree = "<group>";
		};
		5541FF412CBD7FC800D91B50 /* ListUserAppTests */ = {
			isa = PBXFileSystemSynchronizedRootGroup;
			exceptions = (
				5541FF972CBD904800D91B50 /* Exceptions for "ListUserAppTests" folder in "ListUserApp" target */,
			);
			path = ListUserAppTests;
			sourceTree = "<group>";
		};
		5541FF4B2CBD7FC800D91B50 /* ListUserAppUITests */ = {
			isa = PBXFileSystemSynchronizedRootGroup;
			path = ListUserAppUITests;
			sourceTree = "<group>";
		};
/* End PBXFileSystemSynchronizedRootGroup section */

/* Begin PBXFrameworksBuildPhase section */
		5541FF2B2CBD7FC700D91B50 /* Frameworks */ = {
			isa = PBXFrameworksBuildPhase;
			buildActionMask = 2147483647;
			files = (
			);
			runOnlyForDeploymentPostprocessing = 0;
		};
		5541FF3B2CBD7FC800D91B50 /* Frameworks */ = {
			isa = PBXFrameworksBuildPhase;
			buildActionMask = 2147483647;
			files = (
			);
			runOnlyForDeploymentPostprocessing = 0;
		};
		5541FF452CBD7FC800D91B50 /* Frameworks */ = {
			isa = PBXFrameworksBuildPhase;
			buildActionMask = 2147483647;
			files = (
			);
			runOnlyForDeploymentPostprocessing = 0;
		};
/* End PBXFrameworksBuildPhase section */

/* Begin PBXGroup section */
		5541FF252CBD7FC700D91B50 = {
			isa = PBXGroup;
			children = (
				5541FF302CBD7FC700D91B50 /* ListUserApp */,
				5541FF412CBD7FC800D91B50 /* ListUserAppTests */,
				5541FF4B2CBD7FC800D91B50 /* ListUserAppUITests */,
				5541FF2F2CBD7FC700D91B50 /* Products */,
			);
			sourceTree = "<group>";
		};
		5541FF2F2CBD7FC700D91B50 /* Products */ = {
			isa = PBXGroup;
			children = (
				5541FF2E2CBD7FC700D91B50 /* ListUserApp.app */,
				5541FF3E2CBD7FC800D91B50 /* ListUserAppTests.xctest */,
				5541FF482CBD7FC800D91B50 /* ListUserAppUITests.xctest */,
			);
			name = Products;
			sourceTree = "<group>";
		};
/* End PBXGroup section */

/* Begin PBXNativeTarget section */
		5541FF2D2CBD7FC700D91B50 /* ListUserApp */ = {
			isa = PBXNativeTarget;
			buildConfigurationList = 5541FF522CBD7FC800D91B50 /* Build configuration list for PBXNativeTarget "ListUserApp" */;
			buildPhases = (
				5541FF2A2CBD7FC700D91B50 /* Sources */,
				5541FF2B2CBD7FC700D91B50 /* Frameworks */,
				5541FF2C2CBD7FC700D91B50 /* Resources */,
			);
			buildRules = (
			);
			dependencies = (
			);
			fileSystemSynchronizedGroups = (
				5541FF302CBD7FC700D91B50 /* ListUserApp */,
			);
			name = ListUserApp;
			packageProductDependencies = (
			);
			productName = ListUserApp;
			productReference = 5541FF2E2CBD7FC700D91B50 /* ListUserApp.app */;
			productType = "com.apple.product-type.application";
		};
		5541FF3D2CBD7FC800D91B50 /* ListUserAppTests */ = {
			isa = PBXNativeTarget;
			buildConfigurationList = 5541FF552CBD7FC800D91B50 /* Build configuration list for PBXNativeTarget "ListUserAppTests" */;
			buildPhases = (
				5541FF3A2CBD7FC800D91B50 /* Sources */,
				5541FF3B2CBD7FC800D91B50 /* Frameworks */,
				5541FF3C2CBD7FC800D91B50 /* Resources */,
			);
			buildRules = (
			);
			dependencies = (
				5541FF402CBD7FC800D91B50 /* PBXTargetDependency */,
			);
			fileSystemSynchronizedGroups = (
				5541FF412CBD7FC800D91B50 /* ListUserAppTests */,
			);
			name = ListUserAppTests;
			packageProductDependencies = (
			);
			productName = ListUserAppTests;
			productReference = 5541FF3E2CBD7FC800D91B50 /* ListUserAppTests.xctest */;
			productType = "com.apple.product-type.bundle.unit-test";
		};
		5541FF472CBD7FC800D91B50 /* ListUserAppUITests */ = {
			isa = PBXNativeTarget;
			buildConfigurationList = 5541FF582CBD7FC800D91B50 /* Build configuration list for PBXNativeTarget "ListUserAppUITests" */;
			buildPhases = (
				5541FF442CBD7FC800D91B50 /* Sources */,
				5541FF452CBD7FC800D91B50 /* Frameworks */,
				5541FF462CBD7FC800D91B50 /* Resources */,
			);
			buildRules = (
			);
			dependencies = (
				5541FF4A2CBD7FC800D91B50 /* PBXTargetDependency */,
			);
			fileSystemSynchronizedGroups = (
				5541FF4B2CBD7FC800D91B50 /* ListUserAppUITests */,
			);
			name = ListUserAppUITests;
			packageProductDependencies = (
			);
			productName = ListUserAppUITests;
			productReference = 5541FF482CBD7FC800D91B50 /* ListUserAppUITests.xctest */;
			productType = "com.apple.product-type.bundle.ui-testing";
		};
/* End PBXNativeTarget section */

/* Begin PBXProject section */
		5541FF262CBD7FC700D91B50 /* Project object */ = {
			isa = PBXProject;
			attributes = {
				BuildIndependentTargetsInParallel = 1;
				LastSwiftUpdateCheck = 1600;
				LastUpgradeCheck = 1600;
				TargetAttributes = {
					5541FF2D2CBD7FC700D91B50 = {
						CreatedOnToolsVersion = 16.0;
					};
					5541FF3D2CBD7FC800D91B50 = {
						CreatedOnToolsVersion = 16.0;
						TestTargetID = 5541FF2D2CBD7FC700D91B50;
					};
					5541FF472CBD7FC800D91B50 = {
						CreatedOnToolsVersion = 16.0;
						TestTargetID = 5541FF2D2CBD7FC700D91B50;
					};
				};
			};
			buildConfigurationList = 5541FF292CBD7FC700D91B50 /* Build configuration list for PBXProject "ListUserApp" */;
			developmentRegion = en;
			hasScannedForEncodings = 0;
			knownRegions = (
				en,
				Base,
			);
			mainGroup = 5541FF252CBD7FC700D91B50;
			minimizedProjectReferenceProxies = 1;
			preferredProjectObjectVersion = 77;
			productRefGroup = 5541FF2F2CBD7FC700D91B50 /* Products */;
			projectDirPath = "";
			projectRoot = "";
			targets = (
				5541FF2D2CBD7FC700D91B50 /* ListUserApp */,
				5541FF3D2CBD7FC800D91B50 /* ListUserAppTests */,
				5541FF472CBD7FC800D91B50 /* ListUserAppUITests */,
			);
		};
/* End PBXProject section */

/* Begin PBXResourcesBuildPhase section */
		5541FF2C2CBD7FC700D91B50 /* Resources */ = {
			isa = PBXResourcesBuildPhase;
			buildActionMask = 2147483647;
			files = (
			);
			runOnlyForDeploymentPostprocessing = 0;
		};
		5541FF3C2CBD7FC800D91B50 /* Resources */ = {
			isa = PBXResourcesBuildPhase;
			buildActionMask = 2147483647;
			files = (
			);
			runOnlyForDeploymentPostprocessing = 0;
		};
		5541FF462CBD7FC800D91B50 /* Resources */ = {
			isa = PBXResourcesBuildPhase;
			buildActionMask = 2147483647;
			files = (
			);
			runOnlyForDeploymentPostprocessing = 0;
		};
/* End PBXResourcesBuildPhase section */

/* Begin PBXSourcesBuildPhase section */
		5541FF2A2CBD7FC700D91B50 /* Sources */ = {
			isa = PBXSourcesBuildPhase;
			buildActionMask = 2147483647;
			files = (
			);
			runOnlyForDeploymentPostprocessing = 0;
		};
		5541FF3A2CBD7FC800D91B50 /* Sources */ = {
			isa = PBXSourcesBuildPhase;
			buildActionMask = 2147483647;
			files = (
			);
			runOnlyForDeploymentPostprocessing = 0;
		};
		5541FF442CBD7FC800D91B50 /* Sources */ = {
			isa = PBXSourcesBuildPhase;
			buildActionMask = 2147483647;
			files = (
			);
			runOnlyForDeploymentPostprocessing = 0;
		};
/* End PBXSourcesBuildPhase section */

/* Begin PBXTargetDependency section */
		5541FF402CBD7FC800D91B50 /* PBXTargetDependency */ = {
			isa = PBXTargetDependency;
			target = 5541FF2D2CBD7FC700D91B50 /* ListUserApp */;
			targetProxy = 5541FF3F2CBD7FC800D91B50 /* PBXContainerItemProxy */;
		};
		5541FF4A2CBD7FC800D91B50 /* PBXTargetDependency */ = {
			isa = PBXTargetDependency;
			target = 5541FF2D2CBD7FC700D91B50 /* ListUserApp */;
			targetProxy = 5541FF492CBD7FC800D91B50 /* PBXContainerItemProxy */;
		};
/* End PBXTargetDependency section */

/* Begin XCBuildConfiguration section */
		5541FF502CBD7FC800D91B50 /* Debug */ = {
			isa = XCBuildConfiguration;
			buildSettings = {
				ALWAYS_SEARCH_USER_PATHS = NO;
				ASSETCATALOG_COMPILER_GENERATE_SWIFT_ASSET_SYMBOL_EXTENSIONS = YES;
				CLANG_ANALYZER_NONNULL = YES;
				CLANG_ANALYZER_NUMBER_OBJECT_CONVERSION = YES_AGGRESSIVE;
				CLANG_CXX_LANGUAGE_STANDARD = "gnu++20";
				CLANG_ENABLE_MODULES = YES;
				CLANG_ENABLE_OBJC_ARC = YES;
				CLANG_ENABLE_OBJC_WEAK = YES;
				CLANG_WARN_BLOCK_CAPTURE_AUTORELEASING = YES;
				CLANG_WARN_BOOL_CONVERSION = YES;
				CLANG_WARN_COMMA = YES;
				CLANG_WARN_CONSTANT_CONVERSION = YES;
				CLANG_WARN_DEPRECATED_OBJC_IMPLEMENTATIONS = YES;
				CLANG_WARN_DIRECT_OBJC_ISA_USAGE = YES_ERROR;
				CLANG_WARN_DOCUMENTATION_COMMENTS = YES;
				CLANG_WARN_EMPTY_BODY = YES;
				CLANG_WARN_ENUM_CONVERSION = YES;
				CLANG_WARN_INFINITE_RECURSION = YES;
				CLANG_WARN_INT_CONVERSION = YES;
				CLANG_WARN_NON_LITERAL_NULL_CONVERSION = YES;
				CLANG_WARN_OBJC_IMPLICIT_RETAIN_SELF = YES;
				CLANG_WARN_OBJC_LITERAL_CONVERSION = YES;
				CLANG_WARN_OBJC_ROOT_CLASS = YES_ERROR;
				CLANG_WARN_QUOTED_INCLUDE_IN_FRAMEWORK_HEADER = YES;
				CLANG_WARN_RANGE_LOOP_ANALYSIS = YES;
				CLANG_WARN_STRICT_PROTOTYPES = YES;
				CLANG_WARN_SUSPICIOUS_MOVE = YES;
				CLANG_WARN_UNGUARDED_AVAILABILITY = YES_AGGRESSIVE;
				CLANG_WARN_UNREACHABLE_CODE = YES;
				CLANG_WARN__DUPLICATE_METHOD_MATCH = YES;
				COPY_PHASE_STRIP = NO;
				DEBUG_INFORMATION_FORMAT = dwarf;
				ENABLE_STRICT_OBJC_MSGSEND = YES;
				ENABLE_TESTABILITY = YES;
				ENABLE_USER_SCRIPT_SANDBOXING = YES;
				GCC_C_LANGUAGE_STANDARD = gnu17;
				GCC_DYNAMIC_NO_PIC = NO;
				GCC_NO_COMMON_BLOCKS = YES;
				GCC_OPTIMIZATION_LEVEL = 0;
				GCC_PREPROCESSOR_DEFINITIONS = (
					"DEBUG=1",
					"$(inherited)",
				);
				GCC_WARN_64_TO_32_BIT_CONVERSION = YES;
				GCC_WARN_ABOUT_RETURN_TYPE = YES_ERROR;
				GCC_WARN_UNDECLARED_SELECTOR = YES;
				GCC_WARN_UNINITIALIZED_AUTOS = YES_AGGRESSIVE;
				GCC_WARN_UNUSED_FUNCTION = YES;
				GCC_WARN_UNUSED_VARIABLE = YES;
				IPHONEOS_DEPLOYMENT_TARGET = 18.0;
				LOCALIZATION_PREFERS_STRING_CATALOGS = YES;
				MTL_ENABLE_DEBUG_INFO = INCLUDE_SOURCE;
				MTL_FAST_MATH = YES;
				ONLY_ACTIVE_ARCH = YES;
				SDKROOT = iphoneos;
				SWIFT_ACTIVE_COMPILATION_CONDITIONS = "DEBUG $(inherited)";
				SWIFT_OPTIMIZATION_LEVEL = "-Onone";
			};
			name = Debug;
		};
		5541FF512CBD7FC800D91B50 /* Release */ = {
			isa = XCBuildConfiguration;
			buildSettings = {
				ALWAYS_SEARCH_USER_PATHS = NO;
				ASSETCATALOG_COMPILER_GENERATE_SWIFT_ASSET_SYMBOL_EXTENSIONS = YES;
				CLANG_ANALYZER_NONNULL = YES;
				CLANG_ANALYZER_NUMBER_OBJECT_CONVERSION = YES_AGGRESSIVE;
				CLANG_CXX_LANGUAGE_STANDARD = "gnu++20";
				CLANG_ENABLE_MODULES = YES;
				CLANG_ENABLE_OBJC_ARC = YES;
				CLANG_ENABLE_OBJC_WEAK = YES;
				CLANG_WARN_BLOCK_CAPTURE_AUTORELEASING = YES;
				CLANG_WARN_BOOL_CONVERSION = YES;
				CLANG_WARN_COMMA = YES;
				CLANG_WARN_CONSTANT_CONVERSION = YES;
				CLANG_WARN_DEPRECATED_OBJC_IMPLEMENTATIONS = YES;
				CLANG_WARN_DIRECT_OBJC_ISA_USAGE = YES_ERROR;
				CLANG_WARN_DOCUMENTATION_COMMENTS = YES;
				CLANG_WARN_EMPTY_BODY = YES;
				CLANG_WARN_ENUM_CONVERSION = YES;
				CLANG_WARN_INFINITE_RECURSION = YES;
				CLANG_WARN_INT_CONVERSION = YES;
				CLANG_WARN_NON_LITERAL_NULL_CONVERSION = YES;
				CLANG_WARN_OBJC_IMPLICIT_RETAIN_SELF = YES;
				CLANG_WARN_OBJC_LITERAL_CONVERSION = YES;
				CLANG_WARN_OBJC_ROOT_CLASS = YES_ERROR;
				CLANG_WARN_QUOTED_INCLUDE_IN_FRAMEWORK_HEADER = YES;
				CLANG_WARN_RANGE_LOOP_ANALYSIS = YES;
				CLANG_WARN_STRICT_PROTOTYPES = YES;
				CLANG_WARN_SUSPICIOUS_MOVE = YES;
				CLANG_WARN_UNGUARDED_AVAILABILITY = YES_AGGRESSIVE;
				CLANG_WARN_UNREACHABLE_CODE = YES;
				CLANG_WARN__DUPLICATE_METHOD_MATCH = YES;
				COPY_PHASE_STRIP = NO;
				DEBUG_INFORMATION_FORMAT = "dwarf-with-dsym";
				ENABLE_NS_ASSERTIONS = NO;
				ENABLE_STRICT_OBJC_MSGSEND = YES;
				ENABLE_USER_SCRIPT_SANDBOXING = YES;
				GCC_C_LANGUAGE_STANDARD = gnu17;
				GCC_NO_COMMON_BLOCKS = YES;
				GCC_WARN_64_TO_32_BIT_CONVERSION = YES;
				GCC_WARN_ABOUT_RETURN_TYPE = YES_ERROR;
				GCC_WARN_UNDECLARED_SELECTOR = YES;
				GCC_WARN_UNINITIALIZED_AUTOS = YES_AGGRESSIVE;
				GCC_WARN_UNUSED_FUNCTION = YES;
				GCC_WARN_UNUSED_VARIABLE = YES;
				IPHONEOS_DEPLOYMENT_TARGET = 18.0;
				LOCALIZATION_PREFERS_STRING_CATALOGS = YES;
				MTL_ENABLE_DEBUG_INFO = NO;
				MTL_FAST_MATH = YES;
				SDKROOT = iphoneos;
				SWIFT_COMPILATION_MODE = wholemodule;
				VALIDATE_PRODUCT = YES;
			};
			name = Release;
		};
		5541FF532CBD7FC800D91B50 /* Debug */ = {
			isa = XCBuildConfiguration;
			buildSettings = {
				ASSETCATALOG_COMPILER_APPICON_NAME = AppIcon;
				ASSETCATALOG_COMPILER_GLOBAL_ACCENT_COLOR_NAME = AccentColor;
				CODE_SIGN_STYLE = Automatic;
				CURRENT_PROJECT_VERSION = 1;
				DEVELOPMENT_ASSET_PATHS = "\"ListUserApp/Preview Content\"";
				DEVELOPMENT_TEAM = 2J45WSD4Z4;
				ENABLE_PREVIEWS = YES;
				GENERATE_INFOPLIST_FILE = YES;
				INFOPLIST_KEY_UIApplicationSceneManifest_Generation = YES;
				INFOPLIST_KEY_UIApplicationSupportsIndirectInputEvents = YES;
				INFOPLIST_KEY_UILaunchScreen_Generation = YES;
				INFOPLIST_KEY_UISupportedInterfaceOrientations_iPad = "UIInterfaceOrientationPortrait UIInterfaceOrientationPortraitUpsideDown UIInterfaceOrientationLandscapeLeft UIInterfaceOrientationLandscapeRight";
				INFOPLIST_KEY_UISupportedInterfaceOrientations_iPhone = "UIInterfaceOrientationPortrait UIInterfaceOrientationLandscapeLeft UIInterfaceOrientationLandscapeRight";
				IPHONEOS_DEPLOYMENT_TARGET = 18.0;
				LD_RUNPATH_SEARCH_PATHS = (
					"$(inherited)",
					"@executable_path/Frameworks",
				);
				MARKETING_VERSION = 1.0;
				PRODUCT_BUNDLE_IDENTIFIER = javier.lumbi.com.ListUserApp;
				PRODUCT_NAME = "$(TARGET_NAME)";
				SWIFT_EMIT_LOC_STRINGS = YES;
				SWIFT_VERSION = 5.0;
				TARGETED_DEVICE_FAMILY = "1,2";
			};
			name = Debug;
		};
		5541FF542CBD7FC800D91B50 /* Release */ = {
			isa = XCBuildConfiguration;
			buildSettings = {
				ASSETCATALOG_COMPILER_APPICON_NAME = AppIcon;
				ASSETCATALOG_COMPILER_GLOBAL_ACCENT_COLOR_NAME = AccentColor;
				CODE_SIGN_STYLE = Automatic;
				CURRENT_PROJECT_VERSION = 1;
				DEVELOPMENT_ASSET_PATHS = "\"ListUserApp/Preview Content\"";
				DEVELOPMENT_TEAM = 2J45WSD4Z4;
				ENABLE_PREVIEWS = YES;
				GENERATE_INFOPLIST_FILE = YES;
				INFOPLIST_KEY_UIApplicationSceneManifest_Generation = YES;
				INFOPLIST_KEY_UIApplicationSupportsIndirectInputEvents = YES;
				INFOPLIST_KEY_UILaunchScreen_Generation = YES;
				INFOPLIST_KEY_UISupportedInterfaceOrientations_iPad = "UIInterfaceOrientationPortrait UIInterfaceOrientationPortraitUpsideDown UIInterfaceOrientationLandscapeLeft UIInterfaceOrientationLandscapeRight";
				INFOPLIST_KEY_UISupportedInterfaceOrientations_iPhone = "UIInterfaceOrientationPortrait UIInterfaceOrientationLandscapeLeft UIInterfaceOrientationLandscapeRight";
				IPHONEOS_DEPLOYMENT_TARGET = 18.0;
				LD_RUNPATH_SEARCH_PATHS = (
					"$(inherited)",
					"@executable_path/Frameworks",
				);
				MARKETING_VERSION = 1.0;
				PRODUCT_BUNDLE_IDENTIFIER = javier.lumbi.com.ListUserApp;
				PRODUCT_NAME = "$(TARGET_NAME)";
				SWIFT_EMIT_LOC_STRINGS = YES;
				SWIFT_VERSION = 5.0;
				TARGETED_DEVICE_FAMILY = "1,2";
			};
			name = Release;
		};
		5541FF562CBD7FC800D91B50 /* Debug */ = {
			isa = XCBuildConfiguration;
			buildSettings = {
				BUNDLE_LOADER = "$(TEST_HOST)";
				CODE_SIGN_STYLE = Automatic;
				CURRENT_PROJECT_VERSION = 1;
				DEVELOPMENT_TEAM = 2J45WSD4Z4;
				GENERATE_INFOPLIST_FILE = YES;
				IPHONEOS_DEPLOYMENT_TARGET = 18.0;
				MARKETING_VERSION = 1.0;
				PRODUCT_BUNDLE_IDENTIFIER = javier.lumbi.com.ListUserAppTests;
				PRODUCT_NAME = "$(TARGET_NAME)";
				SWIFT_EMIT_LOC_STRINGS = NO;
				SWIFT_VERSION = 5.0;
				TARGETED_DEVICE_FAMILY = "1,2";
				TEST_HOST = "$(BUILT_PRODUCTS_DIR)/ListUserApp.app/$(BUNDLE_EXECUTABLE_FOLDER_PATH)/ListUserApp";
			};
			name = Debug;
		};
		5541FF572CBD7FC800D91B50 /* Release */ = {
			isa = XCBuildConfiguration;
			buildSettings = {
				BUNDLE_LOADER = "$(TEST_HOST)";
				CODE_SIGN_STYLE = Automatic;
				CURRENT_PROJECT_VERSION = 1;
				DEVELOPMENT_TEAM = 2J45WSD4Z4;
				GENERATE_INFOPLIST_FILE = YES;
				IPHONEOS_DEPLOYMENT_TARGET = 18.0;
				MARKETING_VERSION = 1.0;
				PRODUCT_BUNDLE_IDENTIFIER = javier.lumbi.com.ListUserAppTests;
				PRODUCT_NAME = "$(TARGET_NAME)";
				SWIFT_EMIT_LOC_STRINGS = NO;
				SWIFT_VERSION = 5.0;
				TARGETED_DEVICE_FAMILY = "1,2";
				TEST_HOST = "$(BUILT_PRODUCTS_DIR)/ListUserApp.app/$(BUNDLE_EXECUTABLE_FOLDER_PATH)/ListUserApp";
			};
			name = Release;
		};
		5541FF592CBD7FC800D91B50 /* Debug */ = {
			isa = XCBuildConfiguration;
			buildSettings = {
				CODE_SIGN_STYLE = Automatic;
				CURRENT_PROJECT_VERSION = 1;
				DEVELOPMENT_TEAM = 2J45WSD4Z4;
				GENERATE_INFOPLIST_FILE = YES;
				IPHONEOS_DEPLOYMENT_TARGET = 18.0;
				MARKETING_VERSION = 1.0;
				PRODUCT_BUNDLE_IDENTIFIER = javier.lumbi.com.ListUserAppUITests;
				PRODUCT_NAME = "$(TARGET_NAME)";
				SWIFT_EMIT_LOC_STRINGS = NO;
				SWIFT_VERSION = 5.0;
				TARGETED_DEVICE_FAMILY = "1,2";
				TEST_TARGET_NAME = ListUserApp;
			};
			name = Debug;
		};
		5541FF5A2CBD7FC800D91B50 /* Release */ = {
			isa = XCBuildConfiguration;
			buildSettings = {
				CODE_SIGN_STYLE = Automatic;
				CURRENT_PROJECT_VERSION = 1;
				DEVELOPMENT_TEAM = 2J45WSD4Z4;
				GENERATE_INFOPLIST_FILE = YES;
				IPHONEOS_DEPLOYMENT_TARGET = 18.0;
				MARKETING_VERSION = 1.0;
				PRODUCT_BUNDLE_IDENTIFIER = javier.lumbi.com.ListUserAppUITests;
				PRODUCT_NAME = "$(TARGET_NAME)";
				SWIFT_EMIT_LOC_STRINGS = NO;
				SWIFT_VERSION = 5.0;
				TARGETED_DEVICE_FAMILY = "1,2";
				TEST_TARGET_NAME = ListUserApp;
			};
			name = Release;
		};
/* End XCBuildConfiguration section */

/* Begin XCConfigurationList section */
		5541FF292CBD7FC700D91B50 /* Build configuration list for PBXProject "ListUserApp" */ = {
			isa = XCConfigurationList;
			buildConfigurations = (
				5541FF502CBD7FC800D91B50 /* Debug */,
				5541FF512CBD7FC800D91B50 /* Release */,
			);
			defaultConfigurationIsVisible = 0;
			defaultConfigurationName = Release;
		};
		5541FF522CBD7FC800D91B50 /* Build configuration list for PBXNativeTarget "ListUserApp" */ = {
			isa = XCConfigurationList;
			buildConfigurations = (
				5541FF532CBD7FC800D91B50 /* Debug */,
				5541FF542CBD7FC800D91B50 /* Release */,
			);
			defaultConfigurationIsVisible = 0;
			defaultConfigurationName = Release;
		};
		5541FF552CBD7FC800D91B50 /* Build configuration list for PBXNativeTarget "ListUserAppTests" */ = {
			isa = XCConfigurationList;
			buildConfigurations = (
				5541FF562CBD7FC800D91B50 /* Debug */,
				5541FF572CBD7FC800D91B50 /* Release */,
			);
			defaultConfigurationIsVisible = 0;
			defaultConfigurationName = Release;
		};
		5541FF582CBD7FC800D91B50 /* Build configuration list for PBXNativeTarget "ListUserAppUITests" */ = {
			isa = XCConfigurationList;
			buildConfigurations = (
				5541FF592CBD7FC800D91B50 /* Debug */,
				5541FF5A2CBD7FC800D91B50 /* Release */,
			);
			defaultConfigurationIsVisible = 0;
			defaultConfigurationName = Release;
		};
/* End XCConfigurationList section */
	};
	rootObject = 5541FF262CBD7FC700D91B50 /* Project object */;
}
